
Microsoft Visual Studio Solution File, Format Version 12.00
# Visual Studio 2017
Project("{FAE04EC0-301F-11D3-BF4B-00C04F79EFBC}") = "Fini", "Fini.csproj", "{A5029ECE-A18C-6D06-44A1-CE1D4C73C043}"
EndProject
Global
	GlobalSection(SolutionConfigurationPlatforms) = preSolution
		Debug|Any CPU = Debug|Any CPU
		Release|Any CPU = Release|Any CPU
	EndGlobalSection
	GlobalSection(ProjectConfigurationPlatforms) = postSolution
		{A5029ECE-A18C-6D06-44A1-CE1D4C73C043}.Debug|Any CPU.ActiveCfg = Debug|Any CPU
		{A5029ECE-A18C-6D06-44A1-CE1D4C73C043}.Debug|Any CPU.Build.0 = Debug|Any CPU
		{A5029ECE-A18C-6D06-44A1-CE1D4C73C043}.Release|Any CPU.ActiveCfg = Release|Any CPU
		{A5029ECE-A18C-6D06-44A1-CE1D4C73C043}.Release|Any CPU.Build.0 = Release|Any CPU
	EndGlobalSection
	GlobalSection(SolutionProperties) = preSolution
		HideSolutionNode = FALSE
	EndGlobalSection
EndGlobal
